
Microsoft Visual Studio Solution File, Format Version 12.00
# Visual Studio Version 17
VisualStudioVersion = 17.1.32210.238
MinimumVisualStudioVersion = 10.0.40219.1
Project("{9A19103F-16F7-4668-BE54-9A1E7A4F7556}") = "Common", "Common\Common.csproj", "{5D4DCD9C-E705-4305-B7DC-A68ED49D06B8}"
EndProject
Project("{9A19103F-16F7-4668-BE54-9A1E7A4F7556}") = "Consumer", "Consumer\Consumer.csproj", "{374A9937-D46B-4BDC-AC85-2BE07671C1A2}"
EndProject
Project("{9A19103F-16F7-4668-BE54-9A1E7A4F7556}") = "Producer", "Producer\Producer.csproj", "{D678C16F-102A-4124-8D0C-D6BCCA39291C}"
EndProject
Global
	GlobalSection(SolutionConfigurationPlatforms) = preSolution
		Debug|Any CPU = Debug|Any CPU
		Release|Any CPU = Release|Any CPU
	EndGlobalSection
	GlobalSection(ProjectConfigurationPlatforms) = postSolution
		{5D4DCD9C-E705-4305-B7DC-A68ED49D06B8}.Debug|Any CPU.ActiveCfg = Debug|Any CPU
		{5D4DCD9C-E705-4305-B7DC-A68ED49D06B8}.Debug|Any CPU.Build.0 = Debug|Any CPU
		{5D4DCD9C-E705-4305-B7DC-A68ED49D06B8}.Release|Any CPU.ActiveCfg = Release|Any CPU
		{5D4DCD9C-E705-4305-B7DC-A68ED49D06B8}.Release|Any CPU.Build.0 = Release|Any CPU
		{374A9937-D46B-4BDC-AC85-2BE07671C1A2}.Debug|Any CPU.ActiveCfg = Debug|Any CPU
		{374A9937-D46B-4BDC-AC85-2BE07671C1A2}.Debug|Any CPU.Build.0 = Debug|Any CPU
		{374A9937-D46B-4BDC-AC85-2BE07671C1A2}.Release|Any CPU.ActiveCfg = Release|Any CPU
		{374A9937-D46B-4BDC-AC85-2BE07671C1A2}.Release|Any CPU.Build.0 = Release|Any CPU
		{D678C16F-102A-4124-8D0C-D6BCCA39291C}.Debug|Any CPU.ActiveCfg = Debug|Any CPU
		{D678C16F-102A-4124-8D0C-D6BCCA39291C}.Debug|Any CPU.Build.0 = Debug|Any CPU
		{D678C16F-102A-4124-8D0C-D6BCCA39291C}.Release|Any CPU.ActiveCfg = Release|Any CPU
		{D678C16F-102A-4124-8D0C-D6BCCA39291C}.Release|Any CPU.Build.0 = Release|Any CPU
	EndGlobalSection
	GlobalSection(SolutionProperties) = preSolution
		HideSolutionNode = FALSE
	EndGlobalSection
	GlobalSection(ExtensibilityGlobals) = postSolution
		SolutionGuid = {A5660C0E-E352-40AD-92BF-91AD8BFD2C8B}
	EndGlobalSection
EndGlobal
